<?xml version="1.0" encoding="utf-8"?>
<Project ToolsVersion="4.0" xmlns="http://schemas.microsoft.com/developer/msbuild/2003">
  <ItemGroup>
    <Filter Include="源文件">
      <UniqueIdentifier>{4FC737F1-C7A5-4376-A066-2A32D752A2FF}</UniqueIdentifier>
      <Extensions>cpp;c;cc;cxx;def;odl;idl;hpj;bat;asm;asmx</Extensions>
    </Filter>
    <Filter Include="头文件">
      <UniqueIdentifier>{93995380-89BD-4b04-88EB-625FBE52EBFB}</UniqueIdentifier>
      <Extensions>h;hh;hpp;hxx;hm;inl;inc;ipp;xsd</Extensions>
    </Filter>
    <Filter Include="资源文件">
      <UniqueIdentifier>{67DA6AB6-F800-4c08-8B7A-83BB121AAD01}</UniqueIdentifier>
      <Extensions>rc;ico;cur;bmp;dlg;rc2;rct;bin;rgs;gif;jpg;jpeg;jpe;resx;tiff;tif;png;wav;mfcribbon-ms</Extensions>
    </Filter>
  </ItemGroup>
  <ItemGroup>
    <ClInclude Include="pch.h">
      <Filter>头文件</Filter>
    </ClInclude>
    <ClInclude Include="codes\consts.h">
      <Filter>头文件</Filter>
    </ClInclude>
    <ClInclude Include="codes\datetime.h">
      <Filter>头文件</Filter>
    </ClInclude>
    <ClInclude Include="codes\enums.h">
      <Filter>头文件</Filter>
    </ClInclude>
    <ClInclude Include="codes\error.h">
      <Filter>头文件</Filter>
    </ClInclude>
    <ClInclude Include="codes\exfil.h">
      <Filter>头文件</Filter>
    </ClInclude>
    <ClInclude Include="codes\findroot.h">
      <Filter>头文件</Filter>
    </ClInclude>
    <ClInclude Include="codes\funcs.h">
      <Filter>头文件</Filter>
    </ClInclude>
    <ClInclude Include="codes\globals.h">
      <Filter>头文件</Filter>
    </ClInclude>
    <ClInclude Include="codes\hash.h">
      <Filter>头文件</Filter>
    </ClInclude>
    <ClInclude Include="codes\headers.h">
      <Filter>头文件</Filter>
    </ClInclude>
    <ClInclude Include="codes\infil.h">
      <Filter>头文件</Filter>
    </ClInclude>
    <ClInclude Include="codes\keywords.h">
      <Filter>头文件</Filter>
    </ClInclude>
    <ClInclude Include="codes\lid.h">
      <Filter>头文件</Filter>
    </ClInclude>
    <ClInclude Include="codes\macros.h">
      <Filter>头文件</Filter>
    </ClInclude>
    <ClInclude Include="codes\mathexpr.h">
      <Filter>头文件</Filter>
    </ClInclude>
    <ClInclude Include="codes\mempool.h">
      <Filter>头文件</Filter>
    </ClInclude>
    <ClInclude Include="codes\objects.h">
      <Filter>头文件</Filter>
    </ClInclude>
    <ClInclude Include="codes\odesolve.h">
      <Filter>头文件</Filter>
    </ClInclude>
    <ClInclude Include="codes\swmm5.h">
      <Filter>头文件</Filter>
    </ClInclude>
    <ClInclude Include="codes\text.h">
      <Filter>头文件</Filter>
    </ClInclude>
  </ItemGroup>
  <ItemGroup>
    <ClCompile Include="pch.cpp">
      <Filter>源文件</Filter>
    </ClCompile>
    <ClCompile Include="SWMM-TVGM_V1.cpp">
      <Filter>源文件</Filter>
    </ClCompile>
    <ClCompile Include="codes\climate.c">
      <Filter>源文件</Filter>
    </ClCompile>
    <ClCompile Include="codes\controls.c">
      <Filter>源文件</Filter>
    </ClCompile>
    <ClCompile Include="codes\culvert.c">
      <Filter>源文件</Filter>
    </ClCompile>
    <ClCompile Include="codes\datetime.c">
      <Filter>源文件</Filter>
    </ClCompile>
    <ClCompile Include="codes\dwflow.c">
      <Filter>源文件</Filter>
    </ClCompile>
    <ClCompile Include="codes\dynwave.c">
      <Filter>源文件</Filter>
    </ClCompile>
    <ClCompile Include="codes\error.c">
      <Filter>源文件</Filter>
    </ClCompile>
    <ClCompile Include="codes\exfil.c">
      <Filter>源文件</Filter>
    </ClCompile>
    <ClCompile Include="codes\findroot.c">
      <Filter>源文件</Filter>
    </ClCompile>
    <ClCompile Include="codes\flowrout.c">
      <Filter>源文件</Filter>
    </ClCompile>
    <ClCompile Include="codes\forcmain.c">
      <Filter>源文件</Filter>
    </ClCompile>
    <ClCompile Include="codes\gage.c">
      <Filter>源文件</Filter>
    </ClCompile>
    <ClCompile Include="codes\gwater.c">
      <Filter>源文件</Filter>
    </ClCompile>
    <ClCompile Include="codes\hash.c">
      <Filter>源文件</Filter>
    </ClCompile>
    <ClCompile Include="codes\hotstart.c">
      <Filter>源文件</Filter>
    </ClCompile>
    <ClCompile Include="codes\iface.c">
      <Filter>源文件</Filter>
    </ClCompile>
    <ClCompile Include="codes\infil.c">
      <Filter>源文件</Filter>
    </ClCompile>
    <ClCompile Include="codes\inflow.c">
      <Filter>源文件</Filter>
    </ClCompile>
    <ClCompile Include="codes\input.c">
      <Filter>源文件</Filter>
    </ClCompile>
    <ClCompile Include="codes\inputrpt.c">
      <Filter>源文件</Filter>
    </ClCompile>
    <ClCompile Include="codes\keywords.c">
      <Filter>源文件</Filter>
    </ClCompile>
    <ClCompile Include="codes\kinwave.c">
      <Filter>源文件</Filter>
    </ClCompile>
    <ClCompile Include="codes\landuse.c">
      <Filter>源文件</Filter>
    </ClCompile>
    <ClCompile Include="codes\lid.c">
      <Filter>源文件</Filter>
    </ClCompile>
    <ClCompile Include="codes\lidproc.c">
      <Filter>源文件</Filter>
    </ClCompile>
    <ClCompile Include="codes\link.c">
      <Filter>源文件</Filter>
    </ClCompile>
    <ClCompile Include="codes\massbal.c">
      <Filter>源文件</Filter>
    </ClCompile>
    <ClCompile Include="codes\mathexpr.c">
      <Filter>源文件</Filter>
    </ClCompile>
    <ClCompile Include="codes\mempool.c">
      <Filter>源文件</Filter>
    </ClCompile>
    <ClCompile Include="codes\node.c">
      <Filter>源文件</Filter>
    </ClCompile>
    <ClCompile Include="codes\odesolve.c">
      <Filter>源文件</Filter>
    </ClCompile>
    <ClCompile Include="codes\output.c">
      <Filter>源文件</Filter>
    </ClCompile>
    <ClCompile Include="codes\project.c">
      <Filter>源文件</Filter>
    </ClCompile>
    <ClCompile Include="codes\qualrout.c">
      <Filter>源文件</Filter>
    </ClCompile>
    <ClCompile Include="codes\rain.c">
      <Filter>源文件</Filter>
    </ClCompile>
    <ClCompile Include="codes\rdii.c">
      <Filter>源文件</Filter>
    </ClCompile>
    <ClCompile Include="codes\report.c">
      <Filter>源文件</Filter>
    </ClCompile>
    <ClCompile Include="codes\roadway.c">
      <Filter>源文件</Filter>
    </ClCompile>
    <ClCompile Include="codes\routing.c">
      <Filter>源文件</Filter>
    </ClCompile>
    <ClCompile Include="codes\runoff.c">
      <Filter>源文件</Filter>
    </ClCompile>
    <ClCompile Include="codes\shape.c">
      <Filter>源文件</Filter>
    </ClCompile>
    <ClCompile Include="codes\snow.c">
      <Filter>源文件</Filter>
    </ClCompile>
    <ClCompile Include="codes\stats.c">
      <Filter>源文件</Filter>
    </ClCompile>
    <ClCompile Include="codes\statsrpt.c">
      <Filter>源文件</Filter>
    </ClCompile>
    <ClCompile Include="codes\subcatch.c">
      <Filter>源文件</Filter>
    </ClCompile>
    <ClCompile Include="codes\surfqual.c">
      <Filter>源文件</Filter>
    </ClCompile>
    <ClCompile Include="codes\swmm5.c">
      <Filter>源文件</Filter>
    </ClCompile>
    <ClCompile Include="codes\table.c">
      <Filter>源文件</Filter>
    </ClCompile>
    <ClCompile Include="codes\toposort.c">
      <Filter>源文件</Filter>
    </ClCompile>
    <ClCompile Include="codes\transect.c">
      <Filter>源文件</Filter>
    </ClCompile>
    <ClCompile Include="codes\treatmnt.c">
      <Filter>源文件</Filter>
    </ClCompile>
    <ClCompile Include="codes\xsect.c">
      <Filter>源文件</Filter>
    </ClCompile>
  </ItemGroup>
  <ItemGroup>
    <None Include="codes\swmm5.def">
      <Filter>源文件</Filter>
    </None>
    <None Include="codes\xsect.dat" />
  </ItemGroup>
</Project>